
Microsoft Visual Studio Solution File, Format Version 12.00
# Visual Studio Version 16
VisualStudioVersion = 16.0.30114.105
MinimumVisualStudioVersion = 10.0.40219.1
Project("{FAE04EC0-301F-11D3-BF4B-00C04F79EFBC}") = "CodecChallenge.Program", "CodecChallenge.Program\CodecChallenge.Program.csproj", "{D2BAB75D-51C9-4D0A-A0DC-6CEFCB155215}"
EndProject
Project("{FAE04EC0-301F-11D3-BF4B-00C04F79EFBC}") = "CodecChallenge.Tests", "CodecChallenge.Tests\CodecChallenge.Tests.csproj", "{35DCB90A-9398-4D17-9403-6700D2AEC6B1}"
EndProject
Global
	GlobalSection(SolutionConfigurationPlatforms) = preSolution
		Debug|Any CPU = Debug|Any CPU
		Release|Any CPU = Release|Any CPU
	EndGlobalSection
	GlobalSection(SolutionProperties) = preSolution
		HideSolutionNode = FALSE
	EndGlobalSection
	GlobalSection(ProjectConfigurationPlatforms) = postSolution
		{D2BAB75D-51C9-4D0A-A0DC-6CEFCB155215}.Debug|Any CPU.ActiveCfg = Debug|Any CPU
		{D2BAB75D-51C9-4D0A-A0DC-6CEFCB155215}.Debug|Any CPU.Build.0 = Debug|Any CPU
		{D2BAB75D-51C9-4D0A-A0DC-6CEFCB155215}.Release|Any CPU.ActiveCfg = Release|Any CPU
		{D2BAB75D-51C9-4D0A-A0DC-6CEFCB155215}.Release|Any CPU.Build.0 = Release|Any CPU
		{35DCB90A-9398-4D17-9403-6700D2AEC6B1}.Debug|Any CPU.ActiveCfg = Debug|Any CPU
		{35DCB90A-9398-4D17-9403-6700D2AEC6B1}.Debug|Any CPU.Build.0 = Debug|Any CPU
		{35DCB90A-9398-4D17-9403-6700D2AEC6B1}.Release|Any CPU.ActiveCfg = Release|Any CPU
		{35DCB90A-9398-4D17-9403-6700D2AEC6B1}.Release|Any CPU.Build.0 = Release|Any CPU
	EndGlobalSection
EndGlobal
